{
	"name": "svelte-preprocess-uuid",
	"version": "1.0.0",
	"lockfileVersion": 2,
	"requires": true,
	"packages": {
		"": {
			"name": "svelte-preprocess-uuid",
			"version": "1.0.0",
			"license": "ISC",
			"dependencies": {
				"@lukeed/uuid": "^2.0.0",
				"svelte": "^3.48.0"
			},
			"devDependencies": {
				"@types/node": "^18.0.0",
				"typescript": "^4.7.4"
			}
		},
		"node_modules/@lukeed/csprng": {
			"version": "1.0.1",
			"resolved": "https://registry.npmjs.org/@lukeed/csprng/-/csprng-1.0.1.tgz",
			"integrity": "sha512-uSvJdwQU5nK+Vdf6zxcWAY2A8r7uqe+gePwLWzJ+fsQehq18pc0I2hJKwypZ2aLM90+Er9u1xn4iLJPZ+xlL4g==",
			"engines": {
				"node": ">=8"
			}
		},
		"node_modules/@lukeed/uuid": {
			"version": "2.0.0",
			"resolved": "https://registry.npmjs.org/@lukeed/uuid/-/uuid-2.0.0.tgz",
			"integrity": "sha512-dUz8OmYvlY5A9wXaroHIMSPASpSYRLCqbPvxGSyHguhtTQIy24lC+EGxQlwv71AhRCO55WOtgwhzQLpw27JaJQ==",
			"dependencies": {
				"@lukeed/csprng": "^1.0.0"
			},
			"engines": {
				"node": ">=8"
			}
		},
		"node_modules/@types/node": {
			"version": "18.0.0",
			"resolved": "https://registry.npmjs.org/@types/node/-/node-18.0.0.tgz",
			"integrity": "sha512-cHlGmko4gWLVI27cGJntjs/Sj8th9aYwplmZFwmmgYQQvL5NUsgVJG7OddLvNfLqYS31KFN0s3qlaD9qCaxACA==",
			"dev": true
		},
		"node_modules/svelte": {
			"version": "3.48.0",
			"resolved": "https://registry.npmjs.org/svelte/-/svelte-3.48.0.tgz",
			"integrity": "sha512-fN2YRm/bGumvjUpu6yI3BpvZnpIm9I6A7HR4oUNYd7ggYyIwSA/BX7DJ+UXXffLp6XNcUijyLvttbPVCYa/3xQ==",
			"engines": {
				"node": ">= 8"
			}
		},
		"node_modules/typescript": {
			"version": "4.7.4",
			"resolved": "https://registry.npmjs.org/typescript/-/typescript-4.7.4.tgz",
			"integrity": "sha512-C0WQT0gezHuw6AdY1M2jxUO83Rjf0HP7Sk1DtXj6j1EwkQNZrHAg2XPWlq62oqEhYvONq5pkC2Y9oPljWToLmQ==",
			"dev": true,
			"bin": {
				"tsc": "bin/tsc",
				"tsserver": "bin/tsserver"
			},
			"engines": {
				"node": ">=4.2.0"
			}
		}
	},
	"dependencies": {
		"@lukeed/csprng": {
			"version": "1.0.1",
			"resolved": "https://registry.npmjs.org/@lukeed/csprng/-/csprng-1.0.1.tgz",
			"integrity": "sha512-uSvJdwQU5nK+Vdf6zxcWAY2A8r7uqe+gePwLWzJ+fsQehq18pc0I2hJKwypZ2aLM90+Er9u1xn4iLJPZ+xlL4g=="
		},
		"@lukeed/uuid": {
			"version": "2.0.0",
			"resolved": "https://registry.npmjs.org/@lukeed/uuid/-/uuid-2.0.0.tgz",
			"integrity": "sha512-dUz8OmYvlY5A9wXaroHIMSPASpSYRLCqbPvxGSyHguhtTQIy24lC+EGxQlwv71AhRCO55WOtgwhzQLpw27JaJQ==",
			"requires": {
				"@lukeed/csprng": "^1.0.0"
			}
		},
		"@types/node": {
			"version": "18.0.0",
			"resolved": "https://registry.npmjs.org/@types/node/-/node-18.0.0.tgz",
			"integrity": "sha512-cHlGmko4gWLVI27cGJntjs/Sj8th9aYwplmZFwmmgYQQvL5NUsgVJG7OddLvNfLqYS31KFN0s3qlaD9qCaxACA==",
			"dev": true
		},
		"svelte": {
			"version": "3.48.0",
			"resolved": "https://registry.npmjs.org/svelte/-/svelte-3.48.0.tgz",
			"integrity": "sha512-fN2YRm/bGumvjUpu6yI3BpvZnpIm9I6A7HR4oUNYd7ggYyIwSA/BX7DJ+UXXffLp6XNcUijyLvttbPVCYa/3xQ=="
		},
		"typescript": {
			"version": "4.7.4",
			"resolved": "https://registry.npmjs.org/typescript/-/typescript-4.7.4.tgz",
			"integrity": "sha512-C0WQT0gezHuw6AdY1M2jxUO83Rjf0HP7Sk1DtXj6j1EwkQNZrHAg2XPWlq62oqEhYvONq5pkC2Y9oPljWToLmQ==",
			"dev": true
		}
	}
}
